// !$*UTF8*$!
{
	archiveVersion = 1;
	classes = {
	};
	objectVersion = 56;
	objects = {

/* Begin PBXBuildFile section */
		62E6D9954255C749D688F73D /* Pods_ProductList.framework in Frameworks */ = {isa = PBXBuildFile; fileRef = DEBCDD3A4608B2760DE6CCDD /* Pods_ProductList.framework */; };
		6CFE06B56E9404CF0D7D5673 /* Pods_ProductListTests.framework in Frameworks */ = {isa = PBXBuildFile; fileRef = 37E3CC296FBF281736D89DDB /* Pods_ProductListTests.framework */; };
		D726DC082A8511BB00CADA5B /* AppDelegate.swift in Sources */ = {isa = PBXBuildFile; fileRef = D726DC072A8511BB00CADA5B /* AppDelegate.swift */; };
		D726DC0A2A8511BB00CADA5B /* SceneDelegate.swift in Sources */ = {isa = PBXBuildFile; fileRef = D726DC092A8511BB00CADA5B /* SceneDelegate.swift */; };
		D726DC0F2A8511BB00CADA5B /* ProductList.storyboard in Resources */ = {isa = PBXBuildFile; fileRef = D726DC0D2A8511BB00CADA5B /* ProductList.storyboard */; };
		D726DC122A8511BB00CADA5B /* ProductList.xcdatamodeld in Sources */ = {isa = PBXBuildFile; fileRef = D726DC102A8511BB00CADA5B /* ProductList.xcdatamodeld */; };
		D726DC142A8511BC00CADA5B /* Assets.xcassets in Resources */ = {isa = PBXBuildFile; fileRef = D726DC132A8511BC00CADA5B /* Assets.xcassets */; };
		D726DC172A8511BC00CADA5B /* LaunchScreen.storyboard in Resources */ = {isa = PBXBuildFile; fileRef = D726DC152A8511BC00CADA5B /* LaunchScreen.storyboard */; };
		D726DC222A8511BC00CADA5B /* ProductListTests.swift in Sources */ = {isa = PBXBuildFile; fileRef = D726DC212A8511BC00CADA5B /* ProductListTests.swift */; };
		D726DC2C2A8511BC00CADA5B /* ProductListUITests.swift in Sources */ = {isa = PBXBuildFile; fileRef = D726DC2B2A8511BC00CADA5B /* ProductListUITests.swift */; };
		D726DC2E2A8511BC00CADA5B /* ProductListUITestsLaunchTests.swift in Sources */ = {isa = PBXBuildFile; fileRef = D726DC2D2A8511BC00CADA5B /* ProductListUITestsLaunchTests.swift */; };
		D726DC3D2A85131900CADA5B /* ProductListViewController.swift in Sources */ = {isa = PBXBuildFile; fileRef = D726DC3C2A85131900CADA5B /* ProductListViewController.swift */; };
		D726DC3F2A85173C00CADA5B /* ProductListViewModel.swift in Sources */ = {isa = PBXBuildFile; fileRef = D726DC3E2A85173B00CADA5B /* ProductListViewModel.swift */; };
		D726DC422A85187F00CADA5B /* BaseViewController.swift in Sources */ = {isa = PBXBuildFile; fileRef = D726DC412A85187F00CADA5B /* BaseViewController.swift */; };
		D726DC442A85189600CADA5B /* BaseViewModel.swift in Sources */ = {isa = PBXBuildFile; fileRef = D726DC432A85189600CADA5B /* BaseViewModel.swift */; };
		D726DC472A8518CF00CADA5B /* Closures.swift in Sources */ = {isa = PBXBuildFile; fileRef = D726DC462A8518CF00CADA5B /* Closures.swift */; };
		D726DC4A2A851A8E00CADA5B /* LoadingProtocol.swift in Sources */ = {isa = PBXBuildFile; fileRef = D726DC492A851A8E00CADA5B /* LoadingProtocol.swift */; };
		D726DC4D2A851AB500CADA5B /* BlockingActivityIndicator.swift in Sources */ = {isa = PBXBuildFile; fileRef = D726DC4C2A851AB500CADA5B /* BlockingActivityIndicator.swift */; };
		D726DC4F2A851C5B00CADA5B /* ActivityIndicatorProtocol.swift in Sources */ = {isa = PBXBuildFile; fileRef = D726DC4E2A851C5B00CADA5B /* ActivityIndicatorProtocol.swift */; };
		D726DC512A851C7D00CADA5B /* ActivityIndicatorView.swift in Sources */ = {isa = PBXBuildFile; fileRef = D726DC502A851C7D00CADA5B /* ActivityIndicatorView.swift */; };
		D726DC582A85241900CADA5B /* Endpoints.swift in Sources */ = {isa = PBXBuildFile; fileRef = D726DC572A85241900CADA5B /* Endpoints.swift */; };
		D726DC5C2A85499C00CADA5B /* ProductListModel.swift in Sources */ = {isa = PBXBuildFile; fileRef = D726DC5B2A85499C00CADA5B /* ProductListModel.swift */; };
		D726DC5F2A8549BC00CADA5B /* BaseResponse.swift in Sources */ = {isa = PBXBuildFile; fileRef = D726DC5E2A8549BB00CADA5B /* BaseResponse.swift */; };
		D726DC642A85558600CADA5B /* SizeListModel.swift in Sources */ = {isa = PBXBuildFile; fileRef = D726DC632A85558600CADA5B /* SizeListModel.swift */; };
		D726DC662A85595400CADA5B /* ProductsModel.swift in Sources */ = {isa = PBXBuildFile; fileRef = D726DC652A85595400CADA5B /* ProductsModel.swift */; };
		D726DC6A2A855B8200CADA5B /* SellerModel.swift in Sources */ = {isa = PBXBuildFile; fileRef = D726DC692A855B8200CADA5B /* SellerModel.swift */; };
		D726DC6C2A855C1800CADA5B /* OtherColorListModel.swift in Sources */ = {isa = PBXBuildFile; fileRef = D726DC6B2A855C1800CADA5B /* OtherColorListModel.swift */; };
		D726DC6E2A85799B00CADA5B /* InstallmentModel.swift in Sources */ = {isa = PBXBuildFile; fileRef = D726DC6D2A85799B00CADA5B /* InstallmentModel.swift */; };
		D726DC702A857A0A00CADA5B /* ImagesModel.swift in Sources */ = {isa = PBXBuildFile; fileRef = D726DC6F2A857A0A00CADA5B /* ImagesModel.swift */; };
		D726DC722A857AE500CADA5B /* GtmModel.swift in Sources */ = {isa = PBXBuildFile; fileRef = D726DC712A857AE500CADA5B /* GtmModel.swift */; };
		D726DC742A857B5700CADA5B /* DescriptionModel.swift in Sources */ = {isa = PBXBuildFile; fileRef = D726DC732A857B5700CADA5B /* DescriptionModel.swift */; };
		D726DC762A857CC700CADA5B /* ContentUrlModel.swift in Sources */ = {isa = PBXBuildFile; fileRef = D726DC752A857CC700CADA5B /* ContentUrlModel.swift */; };
		D726DC782A857D0900CADA5B /* UrlModel.swift in Sources */ = {isa = PBXBuildFile; fileRef = D726DC772A857D0900CADA5B /* UrlModel.swift */; };
		D726DC7A2A857DF400CADA5B /* ProductDetailModel.swift in Sources */ = {isa = PBXBuildFile; fileRef = D726DC792A857DF400CADA5B /* ProductDetailModel.swift */; };
		D726DC7F2A85879000CADA5B /* ProductPromotionsModel.swift in Sources */ = {isa = PBXBuildFile; fileRef = D726DC7E2A85879000CADA5B /* ProductPromotionsModel.swift */; };
		D726DC812A8589E700CADA5B /* CustomFiltersModel.swift in Sources */ = {isa = PBXBuildFile; fileRef = D726DC802A8589E700CADA5B /* CustomFiltersModel.swift */; };
		D726DC842A858C3200CADA5B /* ProductDetailViewController.swift in Sources */ = {isa = PBXBuildFile; fileRef = D726DC832A858C3200CADA5B /* ProductDetailViewController.swift */; };
		D726DC862A858C4200CADA5B /* ProductDetailViewModel.swift in Sources */ = {isa = PBXBuildFile; fileRef = D726DC852A858C4200CADA5B /* ProductDetailViewModel.swift */; };
		D726DC882A858E2200CADA5B /* ProductDetailStoryBoard.storyboard in Resources */ = {isa = PBXBuildFile; fileRef = D726DC872A858E2200CADA5B /* ProductDetailStoryBoard.storyboard */; };
		D726DC8B2A862C4E00CADA5B /* ProductListCellView.swift in Sources */ = {isa = PBXBuildFile; fileRef = D726DC8A2A862C4E00CADA5B /* ProductListCellView.swift */; };
		D726DC8D2A862C5900CADA5B /* ProductListCellViewModel.swift in Sources */ = {isa = PBXBuildFile; fileRef = D726DC8C2A862C5900CADA5B /* ProductListCellViewModel.swift */; };
		D726DC902A864FE500CADA5B /* UIView+Extensions.swift in Sources */ = {isa = PBXBuildFile; fileRef = D726DC8F2A864FE500CADA5B /* UIView+Extensions.swift */; };
		D726DC922A866B9B00CADA5B /* UICollectionView+Excensions.swift in Sources */ = {isa = PBXBuildFile; fileRef = D726DC912A866B9B00CADA5B /* UICollectionView+Excensions.swift */; };
		D726DC952A866BC900CADA5B /* ReusableView.swift in Sources */ = {isa = PBXBuildFile; fileRef = D726DC942A866BC900CADA5B /* ReusableView.swift */; };
		D726DC972A86732A00CADA5B /* Screen.swift in Sources */ = {isa = PBXBuildFile; fileRef = D726DC962A86732A00CADA5B /* Screen.swift */; };
		D726DC992A86AA7100CADA5B /* DetailImageCollectionCellView.swift in Sources */ = {isa = PBXBuildFile; fileRef = D726DC982A86AA7100CADA5B /* DetailImageCollectionCellView.swift */; };
		D726DC9B2A86AA7A00CADA5B /* DetailImageCollectionCellViewModel.swift in Sources */ = {isa = PBXBuildFile; fileRef = D726DC9A2A86AA7A00CADA5B /* DetailImageCollectionCellViewModel.swift */; };
		D726DC9E2A86B1A200CADA5B /* ImageModel.swift in Sources */ = {isa = PBXBuildFile; fileRef = D726DC9D2A86B1A200CADA5B /* ImageModel.swift */; };
		EDE22D2ADA9203AFE5F5A158 /* Pods_ProductList_ProductListUITests.framework in Frameworks */ = {isa = PBXBuildFile; fileRef = D7FCD82F2526853E424937B8 /* Pods_ProductList_ProductListUITests.framework */; };
/* End PBXBuildFile section */

/* Begin PBXContainerItemProxy section */
		D726DC1E2A8511BC00CADA5B /* PBXContainerItemProxy */ = {
			isa = PBXContainerItemProxy;
			containerPortal = D726DBFC2A8511BB00CADA5B /* Project object */;
			proxyType = 1;
			remoteGlobalIDString = D726DC032A8511BB00CADA5B;
			remoteInfo = ProductList;
		};
		D726DC282A8511BC00CADA5B /* PBXContainerItemProxy */ = {
			isa = PBXContainerItemProxy;
			containerPortal = D726DBFC2A8511BB00CADA5B /* Project object */;
			proxyType = 1;
			remoteGlobalIDString = D726DC032A8511BB00CADA5B;
			remoteInfo = ProductList;
		};
/* End PBXContainerItemProxy section */

/* Begin PBXFileReference section */
		065B71438BF8E67916E946E7 /* Pods-ProductList-ProductListUITests.release.xcconfig */ = {isa = PBXFileReference; includeInIndex = 1; lastKnownFileType = text.xcconfig; name = "Pods-ProductList-ProductListUITests.release.xcconfig"; path = "Target Support Files/Pods-ProductList-ProductListUITests/Pods-ProductList-ProductListUITests.release.xcconfig"; sourceTree = "<group>"; };
		37E3CC296FBF281736D89DDB /* Pods_ProductListTests.framework */ = {isa = PBXFileReference; explicitFileType = wrapper.framework; includeInIndex = 0; path = Pods_ProductListTests.framework; sourceTree = BUILT_PRODUCTS_DIR; };
		5AA408C85B03DC887EED7D9E /* Pods-ProductList-ProductListUITests.debug.xcconfig */ = {isa = PBXFileReference; includeInIndex = 1; lastKnownFileType = text.xcconfig; name = "Pods-ProductList-ProductListUITests.debug.xcconfig"; path = "Target Support Files/Pods-ProductList-ProductListUITests/Pods-ProductList-ProductListUITests.debug.xcconfig"; sourceTree = "<group>"; };
		6D1EB09B0CE9757D55D00D5D /* Pods-ProductListTests.debug.xcconfig */ = {isa = PBXFileReference; includeInIndex = 1; lastKnownFileType = text.xcconfig; name = "Pods-ProductListTests.debug.xcconfig"; path = "Target Support Files/Pods-ProductListTests/Pods-ProductListTests.debug.xcconfig"; sourceTree = "<group>"; };
		93A876D339077B1E8495B67B /* Pods-ProductList.debug.xcconfig */ = {isa = PBXFileReference; includeInIndex = 1; lastKnownFileType = text.xcconfig; name = "Pods-ProductList.debug.xcconfig"; path = "Target Support Files/Pods-ProductList/Pods-ProductList.debug.xcconfig"; sourceTree = "<group>"; };
		A3EBC892A9B1E627369F8899 /* Pods-ProductList.release.xcconfig */ = {isa = PBXFileReference; includeInIndex = 1; lastKnownFileType = text.xcconfig; name = "Pods-ProductList.release.xcconfig"; path = "Target Support Files/Pods-ProductList/Pods-ProductList.release.xcconfig"; sourceTree = "<group>"; };
		D726DC042A8511BB00CADA5B /* ProductList.app */ = {isa = PBXFileReference; explicitFileType = wrapper.application; includeInIndex = 0; path = ProductList.app; sourceTree = BUILT_PRODUCTS_DIR; };
		D726DC072A8511BB00CADA5B /* AppDelegate.swift */ = {isa = PBXFileReference; lastKnownFileType = sourcecode.swift; path = AppDelegate.swift; sourceTree = "<group>"; };
		D726DC092A8511BB00CADA5B /* SceneDelegate.swift */ = {isa = PBXFileReference; lastKnownFileType = sourcecode.swift; path = SceneDelegate.swift; sourceTree = "<group>"; };
		D726DC0E2A8511BB00CADA5B /* Base */ = {isa = PBXFileReference; lastKnownFileType = file.storyboard; name = Base; path = Base.lproj/ProductList.storyboard; sourceTree = "<group>"; };
		D726DC112A8511BB00CADA5B /* ProductList.xcdatamodel */ = {isa = PBXFileReference; lastKnownFileType = wrapper.xcdatamodel; path = ProductList.xcdatamodel; sourceTree = "<group>"; };
		D726DC132A8511BC00CADA5B /* Assets.xcassets */ = {isa = PBXFileReference; lastKnownFileType = folder.assetcatalog; path = Assets.xcassets; sourceTree = "<group>"; };
		D726DC162A8511BC00CADA5B /* Base */ = {isa = PBXFileReference; lastKnownFileType = file.storyboard; name = Base; path = Base.lproj/LaunchScreen.storyboard; sourceTree = "<group>"; };
		D726DC182A8511BC00CADA5B /* Info.plist */ = {isa = PBXFileReference; lastKnownFileType = text.plist.xml; path = Info.plist; sourceTree = "<group>"; };
		D726DC1D2A8511BC00CADA5B /* ProductListTests.xctest */ = {isa = PBXFileReference; explicitFileType = wrapper.cfbundle; includeInIndex = 0; path = ProductListTests.xctest; sourceTree = BUILT_PRODUCTS_DIR; };
		D726DC212A8511BC00CADA5B /* ProductListTests.swift */ = {isa = PBXFileReference; lastKnownFileType = sourcecode.swift; path = ProductListTests.swift; sourceTree = "<group>"; };
		D726DC272A8511BC00CADA5B /* ProductListUITests.xctest */ = {isa = PBXFileReference; explicitFileType = wrapper.cfbundle; includeInIndex = 0; path = ProductListUITests.xctest; sourceTree = BUILT_PRODUCTS_DIR; };
		D726DC2B2A8511BC00CADA5B /* ProductListUITests.swift */ = {isa = PBXFileReference; lastKnownFileType = sourcecode.swift; path = ProductListUITests.swift; sourceTree = "<group>"; };
		D726DC2D2A8511BC00CADA5B /* ProductListUITestsLaunchTests.swift */ = {isa = PBXFileReference; lastKnownFileType = sourcecode.swift; path = ProductListUITestsLaunchTests.swift; sourceTree = "<group>"; };
		D726DC3C2A85131900CADA5B /* ProductListViewController.swift */ = {isa = PBXFileReference; lastKnownFileType = sourcecode.swift; path = ProductListViewController.swift; sourceTree = "<group>"; };
		D726DC3E2A85173B00CADA5B /* ProductListViewModel.swift */ = {isa = PBXFileReference; lastKnownFileType = sourcecode.swift; path = ProductListViewModel.swift; sourceTree = "<group>"; };
		D726DC412A85187F00CADA5B /* BaseViewController.swift */ = {isa = PBXFileReference; lastKnownFileType = sourcecode.swift; path = BaseViewController.swift; sourceTree = "<group>"; };
		D726DC432A85189600CADA5B /* BaseViewModel.swift */ = {isa = PBXFileReference; lastKnownFileType = sourcecode.swift; path = BaseViewModel.swift; sourceTree = "<group>"; };
		D726DC462A8518CF00CADA5B /* Closures.swift */ = {isa = PBXFileReference; lastKnownFileType = sourcecode.swift; path = Closures.swift; sourceTree = "<group>"; };
		D726DC492A851A8E00CADA5B /* LoadingProtocol.swift */ = {isa = PBXFileReference; lastKnownFileType = sourcecode.swift; path = LoadingProtocol.swift; sourceTree = "<group>"; };
		D726DC4C2A851AB500CADA5B /* BlockingActivityIndicator.swift */ = {isa = PBXFileReference; lastKnownFileType = sourcecode.swift; path = BlockingActivityIndicator.swift; sourceTree = "<group>"; };
		D726DC4E2A851C5B00CADA5B /* ActivityIndicatorProtocol.swift */ = {isa = PBXFileReference; lastKnownFileType = sourcecode.swift; path = ActivityIndicatorProtocol.swift; sourceTree = "<group>"; };
		D726DC502A851C7D00CADA5B /* ActivityIndicatorView.swift */ = {isa = PBXFileReference; lastKnownFileType = sourcecode.swift; path = ActivityIndicatorView.swift; sourceTree = "<group>"; };
		D726DC522A851D0000CADA5B /* ProductList-Bridging-Header.h */ = {isa = PBXFileReference; lastKnownFileType = sourcecode.c.h; path = "ProductList-Bridging-Header.h"; sourceTree = "<group>"; };
		D726DC572A85241900CADA5B /* Endpoints.swift */ = {isa = PBXFileReference; lastKnownFileType = sourcecode.swift; path = Endpoints.swift; sourceTree = "<group>"; };
		D726DC5B2A85499C00CADA5B /* ProductListModel.swift */ = {isa = PBXFileReference; lastKnownFileType = sourcecode.swift; path = ProductListModel.swift; sourceTree = "<group>"; };
		D726DC5E2A8549BB00CADA5B /* BaseResponse.swift */ = {isa = PBXFileReference; lastKnownFileType = sourcecode.swift; path = BaseResponse.swift; sourceTree = "<group>"; };
		D726DC632A85558600CADA5B /* SizeListModel.swift */ = {isa = PBXFileReference; lastKnownFileType = sourcecode.swift; path = SizeListModel.swift; sourceTree = "<group>"; };
		D726DC652A85595400CADA5B /* ProductsModel.swift */ = {isa = PBXFileReference; lastKnownFileType = sourcecode.swift; path = ProductsModel.swift; sourceTree = "<group>"; };
		D726DC692A855B8200CADA5B /* SellerModel.swift */ = {isa = PBXFileReference; lastKnownFileType = sourcecode.swift; path = SellerModel.swift; sourceTree = "<group>"; };
		D726DC6B2A855C1800CADA5B /* OtherColorListModel.swift */ = {isa = PBXFileReference; lastKnownFileType = sourcecode.swift; path = OtherColorListModel.swift; sourceTree = "<group>"; };
		D726DC6D2A85799B00CADA5B /* InstallmentModel.swift */ = {isa = PBXFileReference; lastKnownFileType = sourcecode.swift; path = InstallmentModel.swift; sourceTree = "<group>"; };
		D726DC6F2A857A0A00CADA5B /* ImagesModel.swift */ = {isa = PBXFileReference; lastKnownFileType = sourcecode.swift; path = ImagesModel.swift; sourceTree = "<group>"; };
		D726DC712A857AE500CADA5B /* GtmModel.swift */ = {isa = PBXFileReference; lastKnownFileType = sourcecode.swift; path = GtmModel.swift; sourceTree = "<group>"; };
		D726DC732A857B5700CADA5B /* DescriptionModel.swift */ = {isa = PBXFileReference; lastKnownFileType = sourcecode.swift; path = DescriptionModel.swift; sourceTree = "<group>"; };
		D726DC752A857CC700CADA5B /* ContentUrlModel.swift */ = {isa = PBXFileReference; lastKnownFileType = sourcecode.swift; path = ContentUrlModel.swift; sourceTree = "<group>"; };
		D726DC772A857D0900CADA5B /* UrlModel.swift */ = {isa = PBXFileReference; lastKnownFileType = sourcecode.swift; path = UrlModel.swift; sourceTree = "<group>"; };
		D726DC792A857DF400CADA5B /* ProductDetailModel.swift */ = {isa = PBXFileReference; lastKnownFileType = sourcecode.swift; path = ProductDetailModel.swift; sourceTree = "<group>"; };
		D726DC7E2A85879000CADA5B /* ProductPromotionsModel.swift */ = {isa = PBXFileReference; lastKnownFileType = sourcecode.swift; path = ProductPromotionsModel.swift; sourceTree = "<group>"; };
		D726DC802A8589E700CADA5B /* CustomFiltersModel.swift */ = {isa = PBXFileReference; lastKnownFileType = sourcecode.swift; path = CustomFiltersModel.swift; sourceTree = "<group>"; };
		D726DC832A858C3200CADA5B /* ProductDetailViewController.swift */ = {isa = PBXFileReference; lastKnownFileType = sourcecode.swift; path = ProductDetailViewController.swift; sourceTree = "<group>"; };
		D726DC852A858C4200CADA5B /* ProductDetailViewModel.swift */ = {isa = PBXFileReference; lastKnownFileType = sourcecode.swift; path = ProductDetailViewModel.swift; sourceTree = "<group>"; };
		D726DC872A858E2200CADA5B /* ProductDetailStoryBoard.storyboard */ = {isa = PBXFileReference; lastKnownFileType = file.storyboard; path = ProductDetailStoryBoard.storyboard; sourceTree = "<group>"; };
		D726DC8A2A862C4E00CADA5B /* ProductListCellView.swift */ = {isa = PBXFileReference; lastKnownFileType = sourcecode.swift; path = ProductListCellView.swift; sourceTree = "<group>"; };
		D726DC8C2A862C5900CADA5B /* ProductListCellViewModel.swift */ = {isa = PBXFileReference; lastKnownFileType = sourcecode.swift; path = ProductListCellViewModel.swift; sourceTree = "<group>"; };
		D726DC8F2A864FE500CADA5B /* UIView+Extensions.swift */ = {isa = PBXFileReference; lastKnownFileType = sourcecode.swift; path = "UIView+Extensions.swift"; sourceTree = "<group>"; };
		D726DC912A866B9B00CADA5B /* UICollectionView+Excensions.swift */ = {isa = PBXFileReference; lastKnownFileType = sourcecode.swift; path = "UICollectionView+Excensions.swift"; sourceTree = "<group>"; };
		D726DC942A866BC900CADA5B /* ReusableView.swift */ = {isa = PBXFileReference; lastKnownFileType = sourcecode.swift; path = ReusableView.swift; sourceTree = "<group>"; };
		D726DC962A86732A00CADA5B /* Screen.swift */ = {isa = PBXFileReference; lastKnownFileType = sourcecode.swift; path = Screen.swift; sourceTree = "<group>"; };
		D726DC982A86AA7100CADA5B /* DetailImageCollectionCellView.swift */ = {isa = PBXFileReference; lastKnownFileType = sourcecode.swift; path = DetailImageCollectionCellView.swift; sourceTree = "<group>"; };
		D726DC9A2A86AA7A00CADA5B /* DetailImageCollectionCellViewModel.swift */ = {isa = PBXFileReference; lastKnownFileType = sourcecode.swift; path = DetailImageCollectionCellViewModel.swift; sourceTree = "<group>"; };
		D726DC9D2A86B1A200CADA5B /* ImageModel.swift */ = {isa = PBXFileReference; lastKnownFileType = sourcecode.swift; path = ImageModel.swift; sourceTree = "<group>"; };
		D7FCD82F2526853E424937B8 /* Pods_ProductList_ProductListUITests.framework */ = {isa = PBXFileReference; explicitFileType = wrapper.framework; includeInIndex = 0; path = Pods_ProductList_ProductListUITests.framework; sourceTree = BUILT_PRODUCTS_DIR; };
		DEBCDD3A4608B2760DE6CCDD /* Pods_ProductList.framework */ = {isa = PBXFileReference; explicitFileType = wrapper.framework; includeInIndex = 0; path = Pods_ProductList.framework; sourceTree = BUILT_PRODUCTS_DIR; };
		E616FB7C5EE2D8405A3C6F60 /* Pods-ProductListTests.release.xcconfig */ = {isa = PBXFileReference; includeInIndex = 1; lastKnownFileType = text.xcconfig; name = "Pods-ProductListTests.release.xcconfig"; path = "Target Support Files/Pods-ProductListTests/Pods-ProductListTests.release.xcconfig"; sourceTree = "<group>"; };
/* End PBXFileReference section */

/* Begin PBXFrameworksBuildPhase section */
		D726DC012A8511BB00CADA5B /* Frameworks */ = {
			isa = PBXFrameworksBuildPhase;
			buildActionMask = 2147483647;
			files = (
				62E6D9954255C749D688F73D /* Pods_ProductList.framework in Frameworks */,
			);
			runOnlyForDeploymentPostprocessing = 0;
		};
		D726DC1A2A8511BC00CADA5B /* Frameworks */ = {
			isa = PBXFrameworksBuildPhase;
			buildActionMask = 2147483647;
			files = (
				6CFE06B56E9404CF0D7D5673 /* Pods_ProductListTests.framework in Frameworks */,
			);
			runOnlyForDeploymentPostprocessing = 0;
		};
		D726DC242A8511BC00CADA5B /* Frameworks */ = {
			isa = PBXFrameworksBuildPhase;
			buildActionMask = 2147483647;
			files = (
				EDE22D2ADA9203AFE5F5A158 /* Pods_ProductList_ProductListUITests.framework in Frameworks */,
			);
			runOnlyForDeploymentPostprocessing = 0;
		};
/* End PBXFrameworksBuildPhase section */

/* Begin PBXGroup section */
		090D7CDD5AE78CAA4DF1E30A /* Frameworks */ = {
			isa = PBXGroup;
			children = (
				DEBCDD3A4608B2760DE6CCDD /* Pods_ProductList.framework */,
				D7FCD82F2526853E424937B8 /* Pods_ProductList_ProductListUITests.framework */,
				37E3CC296FBF281736D89DDB /* Pods_ProductListTests.framework */,
			);
			name = Frameworks;
			sourceTree = "<group>";
		};
		95EEE4335C6BB076B9590D14 /* Pods */ = {
			isa = PBXGroup;
			children = (
				93A876D339077B1E8495B67B /* Pods-ProductList.debug.xcconfig */,
				A3EBC892A9B1E627369F8899 /* Pods-ProductList.release.xcconfig */,
				5AA408C85B03DC887EED7D9E /* Pods-ProductList-ProductListUITests.debug.xcconfig */,
				065B71438BF8E67916E946E7 /* Pods-ProductList-ProductListUITests.release.xcconfig */,
				6D1EB09B0CE9757D55D00D5D /* Pods-ProductListTests.debug.xcconfig */,
				E616FB7C5EE2D8405A3C6F60 /* Pods-ProductListTests.release.xcconfig */,
			);
			path = Pods;
			sourceTree = "<group>";
		};
		D726DBFB2A8511BB00CADA5B = {
			isa = PBXGroup;
			children = (
				D726DC062A8511BB00CADA5B /* ProductList */,
				D726DC202A8511BC00CADA5B /* ProductListTests */,
				D726DC2A2A8511BC00CADA5B /* ProductListUITests */,
				D726DC052A8511BB00CADA5B /* Products */,
				95EEE4335C6BB076B9590D14 /* Pods */,
				090D7CDD5AE78CAA4DF1E30A /* Frameworks */,
			);
			sourceTree = "<group>";
		};
		D726DC052A8511BB00CADA5B /* Products */ = {
			isa = PBXGroup;
			children = (
				D726DC042A8511BB00CADA5B /* ProductList.app */,
				D726DC1D2A8511BC00CADA5B /* ProductListTests.xctest */,
				D726DC272A8511BC00CADA5B /* ProductListUITests.xctest */,
			);
			name = Products;
			sourceTree = "<group>";
		};
		D726DC062A8511BB00CADA5B /* ProductList */ = {
			isa = PBXGroup;
			children = (
				D726DC8E2A864FD400CADA5B /* Extensions */,
				D726DC592A8525CD00CADA5B /* Network */,
				D726DC482A851A7600CADA5B /* UIComponents */,
				D726DC452A8518C400CADA5B /* Helper */,
				D726DC402A85187200CADA5B /* Base */,
				D726DC3A2A8511F000CADA5B /* Scenes */,
				D726DC072A8511BB00CADA5B /* AppDelegate.swift */,
				D726DC092A8511BB00CADA5B /* SceneDelegate.swift */,
				D726DC132A8511BC00CADA5B /* Assets.xcassets */,
				D726DC152A8511BC00CADA5B /* LaunchScreen.storyboard */,
				D726DC182A8511BC00CADA5B /* Info.plist */,
				D726DC102A8511BB00CADA5B /* ProductList.xcdatamodeld */,
				D726DC522A851D0000CADA5B /* ProductList-Bridging-Header.h */,
			);
			path = ProductList;
			sourceTree = "<group>";
		};
		D726DC202A8511BC00CADA5B /* ProductListTests */ = {
			isa = PBXGroup;
			children = (
				D726DC212A8511BC00CADA5B /* ProductListTests.swift */,
			);
			path = ProductListTests;
			sourceTree = "<group>";
		};
		D726DC2A2A8511BC00CADA5B /* ProductListUITests */ = {
			isa = PBXGroup;
			children = (
				D726DC2B2A8511BC00CADA5B /* ProductListUITests.swift */,
				D726DC2D2A8511BC00CADA5B /* ProductListUITestsLaunchTests.swift */,
			);
			path = ProductListUITests;
			sourceTree = "<group>";
		};
		D726DC3A2A8511F000CADA5B /* Scenes */ = {
			isa = PBXGroup;
			children = (
				D726DC3B2A8511F800CADA5B /* ProductList */,
				D726DC822A858C1200CADA5B /* ProductDetail */,
			);
			path = Scenes;
			sourceTree = "<group>";
		};
		D726DC3B2A8511F800CADA5B /* ProductList */ = {
			isa = PBXGroup;
			children = (
				D726DC0D2A8511BB00CADA5B /* ProductList.storyboard */,
				D726DC3C2A85131900CADA5B /* ProductListViewController.swift */,
				D726DC3E2A85173B00CADA5B /* ProductListViewModel.swift */,
			);
			path = ProductList;
			sourceTree = "<group>";
		};
		D726DC402A85187200CADA5B /* Base */ = {
			isa = PBXGroup;
			children = (
				D726DC412A85187F00CADA5B /* BaseViewController.swift */,
				D726DC432A85189600CADA5B /* BaseViewModel.swift */,
			);
			path = Base;
			sourceTree = "<group>";
		};
		D726DC452A8518C400CADA5B /* Helper */ = {
			isa = PBXGroup;
			children = (
				D726DC462A8518CF00CADA5B /* Closures.swift */,
				D726DC572A85241900CADA5B /* Endpoints.swift */,
				D726DC962A86732A00CADA5B /* Screen.swift */,
			);
			path = Helper;
			sourceTree = "<group>";
		};
		D726DC482A851A7600CADA5B /* UIComponents */ = {
			isa = PBXGroup;
			children = (
				D726DC9C2A86AA8800CADA5B /* DetailImageCollectionCell */,
				D726DC932A866BBB00CADA5B /* Protocols */,
				D726DC892A862C3E00CADA5B /* ListCell */,
				D726DC4B2A851AA400CADA5B /* Loading */,
			);
			path = UIComponents;
			sourceTree = "<group>";
		};
		D726DC4B2A851AA400CADA5B /* Loading */ = {
			isa = PBXGroup;
			children = (
				D726DC492A851A8E00CADA5B /* LoadingProtocol.swift */,
				D726DC4C2A851AB500CADA5B /* BlockingActivityIndicator.swift */,
				D726DC4E2A851C5B00CADA5B /* ActivityIndicatorProtocol.swift */,
				D726DC502A851C7D00CADA5B /* ActivityIndicatorView.swift */,
			);
			path = Loading;
			sourceTree = "<group>";
		};
		D726DC592A8525CD00CADA5B /* Network */ = {
			isa = PBXGroup;
			children = (
				D726DC5D2A8549AB00CADA5B /* Base */,
				D726DC5A2A85498900CADA5B /* Models */,
			);
			path = Network;
			sourceTree = "<group>";
		};
		D726DC5A2A85498900CADA5B /* Models */ = {
			isa = PBXGroup;
			children = (
				D726DC682A855B0500CADA5B /* ProductDetailModels */,
				D726DC672A855A7600CADA5B /* ProductListModels */,
			);
			path = Models;
			sourceTree = "<group>";
		};
		D726DC5D2A8549AB00CADA5B /* Base */ = {
			isa = PBXGroup;
			children = (
				D726DC5E2A8549BB00CADA5B /* BaseResponse.swift */,
			);
			path = Base;
			sourceTree = "<group>";
		};
		D726DC672A855A7600CADA5B /* ProductListModels */ = {
			isa = PBXGroup;
			children = (
				D726DC652A85595400CADA5B /* ProductsModel.swift */,
				D726DC5B2A85499C00CADA5B /* ProductListModel.swift */,
				D726DC632A85558600CADA5B /* SizeListModel.swift */,
				D726DC7E2A85879000CADA5B /* ProductPromotionsModel.swift */,
				D726DC802A8589E700CADA5B /* CustomFiltersModel.swift */,
			);
			path = ProductListModels;
			sourceTree = "<group>";
		};
		D726DC682A855B0500CADA5B /* ProductDetailModels */ = {
			isa = PBXGroup;
			children = (
				D726DC692A855B8200CADA5B /* SellerModel.swift */,
				D726DC6B2A855C1800CADA5B /* OtherColorListModel.swift */,
				D726DC6D2A85799B00CADA5B /* InstallmentModel.swift */,
				D726DC6F2A857A0A00CADA5B /* ImagesModel.swift */,
				D726DC9D2A86B1A200CADA5B /* ImageModel.swift */,
				D726DC712A857AE500CADA5B /* GtmModel.swift */,
				D726DC732A857B5700CADA5B /* DescriptionModel.swift */,
				D726DC752A857CC700CADA5B /* ContentUrlModel.swift */,
				D726DC772A857D0900CADA5B /* UrlModel.swift */,
				D726DC792A857DF400CADA5B /* ProductDetailModel.swift */,
			);
			path = ProductDetailModels;
			sourceTree = "<group>";
		};
		D726DC822A858C1200CADA5B /* ProductDetail */ = {
			isa = PBXGroup;
			children = (
				D726DC872A858E2200CADA5B /* ProductDetailStoryBoard.storyboard */,
				D726DC832A858C3200CADA5B /* ProductDetailViewController.swift */,
				D726DC852A858C4200CADA5B /* ProductDetailViewModel.swift */,
			);
			path = ProductDetail;
			sourceTree = "<group>";
		};
		D726DC892A862C3E00CADA5B /* ListCell */ = {
			isa = PBXGroup;
			children = (
				D726DC8A2A862C4E00CADA5B /* ProductListCellView.swift */,
				D726DC8C2A862C5900CADA5B /* ProductListCellViewModel.swift */,
			);
			path = ListCell;
			sourceTree = "<group>";
		};
		D726DC8E2A864FD400CADA5B /* Extensions */ = {
			isa = PBXGroup;
			children = (
				D726DC8F2A864FE500CADA5B /* UIView+Extensions.swift */,
				D726DC912A866B9B00CADA5B /* UICollectionView+Excensions.swift */,
			);
			path = Extensions;
			sourceTree = "<group>";
		};
		D726DC932A866BBB00CADA5B /* Protocols */ = {
			isa = PBXGroup;
			children = (
				D726DC942A866BC900CADA5B /* ReusableView.swift */,
			);
			path = Protocols;
			sourceTree = "<group>";
		};
		D726DC9C2A86AA8800CADA5B /* DetailImageCollectionCell */ = {
			isa = PBXGroup;
			children = (
				D726DC982A86AA7100CADA5B /* DetailImageCollectionCellView.swift */,
				D726DC9A2A86AA7A00CADA5B /* DetailImageCollectionCellViewModel.swift */,
			);
			path = DetailImageCollectionCell;
			sourceTree = "<group>";
		};
/* End PBXGroup section */

/* Begin PBXNativeTarget section */
		D726DC032A8511BB00CADA5B /* ProductList */ = {
			isa = PBXNativeTarget;
			buildConfigurationList = D726DC312A8511BC00CADA5B /* Build configuration list for PBXNativeTarget "ProductList" */;
			buildPhases = (
				4AC7903D0D155A9F08DC44D1 /* [CP] Check Pods Manifest.lock */,
				D726DC002A8511BB00CADA5B /* Sources */,
				D726DC012A8511BB00CADA5B /* Frameworks */,
				D726DC022A8511BB00CADA5B /* Resources */,
				E410BB6B95CA499E6BFE53D1 /* [CP] Embed Pods Frameworks */,
			);
			buildRules = (
			);
			dependencies = (
			);
			name = ProductList;
			productName = ProductList;
			productReference = D726DC042A8511BB00CADA5B /* ProductList.app */;
			productType = "com.apple.product-type.application";
		};
		D726DC1C2A8511BC00CADA5B /* ProductListTests */ = {
			isa = PBXNativeTarget;
			buildConfigurationList = D726DC342A8511BC00CADA5B /* Build configuration list for PBXNativeTarget "ProductListTests" */;
			buildPhases = (
				D7B4F43316AD7B5C66FAA340 /* [CP] Check Pods Manifest.lock */,
				D726DC192A8511BC00CADA5B /* Sources */,
				D726DC1A2A8511BC00CADA5B /* Frameworks */,
				D726DC1B2A8511BC00CADA5B /* Resources */,
			);
			buildRules = (
			);
			dependencies = (
				D726DC1F2A8511BC00CADA5B /* PBXTargetDependency */,
			);
			name = ProductListTests;
			productName = ProductListTests;
			productReference = D726DC1D2A8511BC00CADA5B /* ProductListTests.xctest */;
			productType = "com.apple.product-type.bundle.unit-test";
		};
		D726DC262A8511BC00CADA5B /* ProductListUITests */ = {
			isa = PBXNativeTarget;
			buildConfigurationList = D726DC372A8511BC00CADA5B /* Build configuration list for PBXNativeTarget "ProductListUITests" */;
			buildPhases = (
				6221CBC9CD73AF500CB4931F /* [CP] Check Pods Manifest.lock */,
				D726DC232A8511BC00CADA5B /* Sources */,
				D726DC242A8511BC00CADA5B /* Frameworks */,
				D726DC252A8511BC00CADA5B /* Resources */,
				DBAFB3D2CF7BCE97F4E1E883 /* [CP] Embed Pods Frameworks */,
			);
			buildRules = (
			);
			dependencies = (
				D726DC292A8511BC00CADA5B /* PBXTargetDependency */,
			);
			name = ProductListUITests;
			productName = ProductListUITests;
			productReference = D726DC272A8511BC00CADA5B /* ProductListUITests.xctest */;
			productType = "com.apple.product-type.bundle.ui-testing";
		};
/* End PBXNativeTarget section */

/* Begin PBXProject section */
		D726DBFC2A8511BB00CADA5B /* Project object */ = {
			isa = PBXProject;
			attributes = {
				BuildIndependentTargetsInParallel = 1;
				LastSwiftUpdateCheck = 1430;
				LastUpgradeCheck = 1430;
				TargetAttributes = {
					D726DC032A8511BB00CADA5B = {
						CreatedOnToolsVersion = 14.3.1;
						LastSwiftMigration = 1430;
					};
					D726DC1C2A8511BC00CADA5B = {
						CreatedOnToolsVersion = 14.3.1;
						TestTargetID = D726DC032A8511BB00CADA5B;
					};
					D726DC262A8511BC00CADA5B = {
						CreatedOnToolsVersion = 14.3.1;
						TestTargetID = D726DC032A8511BB00CADA5B;
					};
				};
			};
			buildConfigurationList = D726DBFF2A8511BB00CADA5B /* Build configuration list for PBXProject "ProductList" */;
			compatibilityVersion = "Xcode 14.0";
			developmentRegion = en;
			hasScannedForEncodings = 0;
			knownRegions = (
				en,
				Base,
			);
			mainGroup = D726DBFB2A8511BB00CADA5B;
			productRefGroup = D726DC052A8511BB00CADA5B /* Products */;
			projectDirPath = "";
			projectRoot = "";
			targets = (
				D726DC032A8511BB00CADA5B /* ProductList */,
				D726DC1C2A8511BC00CADA5B /* ProductListTests */,
				D726DC262A8511BC00CADA5B /* ProductListUITests */,
			);
		};
/* End PBXProject section */

/* Begin PBXResourcesBuildPhase section */
		D726DC022A8511BB00CADA5B /* Resources */ = {
			isa = PBXResourcesBuildPhase;
			buildActionMask = 2147483647;
			files = (
				D726DC172A8511BC00CADA5B /* LaunchScreen.storyboard in Resources */,
				D726DC142A8511BC00CADA5B /* Assets.xcassets in Resources */,
				D726DC882A858E2200CADA5B /* ProductDetailStoryBoard.storyboard in Resources */,
				D726DC0F2A8511BB00CADA5B /* ProductList.storyboard in Resources */,
			);
			runOnlyForDeploymentPostprocessing = 0;
		};
		D726DC1B2A8511BC00CADA5B /* Resources */ = {
			isa = PBXResourcesBuildPhase;
			buildActionMask = 2147483647;
			files = (
			);
			runOnlyForDeploymentPostprocessing = 0;
		};
		D726DC252A8511BC00CADA5B /* Resources */ = {
			isa = PBXResourcesBuildPhase;
			buildActionMask = 2147483647;
			files = (
			);
			runOnlyForDeploymentPostprocessing = 0;
		};
/* End PBXResourcesBuildPhase section */

/* Begin PBXShellScriptBuildPhase section */
		4AC7903D0D155A9F08DC44D1 /* [CP] Check Pods Manifest.lock */ = {
			isa = PBXShellScriptBuildPhase;
			buildActionMask = 2147483647;
			files = (
			);
			inputFileListPaths = (
			);
			inputPaths = (
				"${PODS_PODFILE_DIR_PATH}/Podfile.lock",
				"${PODS_ROOT}/Manifest.lock",
			);
			name = "[CP] Check Pods Manifest.lock";
			outputFileListPaths = (
			);
			outputPaths = (
				"$(DERIVED_FILE_DIR)/Pods-ProductList-checkManifestLockResult.txt",
			);
			runOnlyForDeploymentPostprocessing = 0;
			shellPath = /bin/sh;
			shellScript = "diff \"${PODS_PODFILE_DIR_PATH}/Podfile.lock\" \"${PODS_ROOT}/Manifest.lock\" > /dev/null\nif [ $? != 0 ] ; then\n    # print error to STDERR\n    echo \"error: The sandbox is not in sync with the Podfile.lock. Run 'pod install' or update your CocoaPods installation.\" >&2\n    exit 1\nfi\n# This output is used by Xcode 'outputs' to avoid re-running this script phase.\necho \"SUCCESS\" > \"${SCRIPT_OUTPUT_FILE_0}\"\n";
			showEnvVarsInLog = 0;
		};
		6221CBC9CD73AF500CB4931F /* [CP] Check Pods Manifest.lock */ = {
			isa = PBXShellScriptBuildPhase;
			buildActionMask = 2147483647;
			files = (
			);
			inputFileListPaths = (
			);
			inputPaths = (
				"${PODS_PODFILE_DIR_PATH}/Podfile.lock",
				"${PODS_ROOT}/Manifest.lock",
			);
			name = "[CP] Check Pods Manifest.lock";
			outputFileListPaths = (
			);
			outputPaths = (
				"$(DERIVED_FILE_DIR)/Pods-ProductList-ProductListUITests-checkManifestLockResult.txt",
			);
			runOnlyForDeploymentPostprocessing = 0;
			shellPath = /bin/sh;
			shellScript = "diff \"${PODS_PODFILE_DIR_PATH}/Podfile.lock\" \"${PODS_ROOT}/Manifest.lock\" > /dev/null\nif [ $? != 0 ] ; then\n    # print error to STDERR\n    echo \"error: The sandbox is not in sync with the Podfile.lock. Run 'pod install' or update your CocoaPods installation.\" >&2\n    exit 1\nfi\n# This output is used by Xcode 'outputs' to avoid re-running this script phase.\necho \"SUCCESS\" > \"${SCRIPT_OUTPUT_FILE_0}\"\n";
			showEnvVarsInLog = 0;
		};
		D7B4F43316AD7B5C66FAA340 /* [CP] Check Pods Manifest.lock */ = {
			isa = PBXShellScriptBuildPhase;
			buildActionMask = 2147483647;
			files = (
			);
			inputFileListPaths = (
			);
			inputPaths = (
				"${PODS_PODFILE_DIR_PATH}/Podfile.lock",
				"${PODS_ROOT}/Manifest.lock",
			);
			name = "[CP] Check Pods Manifest.lock";
			outputFileListPaths = (
			);
			outputPaths = (
				"$(DERIVED_FILE_DIR)/Pods-ProductListTests-checkManifestLockResult.txt",
			);
			runOnlyForDeploymentPostprocessing = 0;
			shellPath = /bin/sh;
			shellScript = "diff \"${PODS_PODFILE_DIR_PATH}/Podfile.lock\" \"${PODS_ROOT}/Manifest.lock\" > /dev/null\nif [ $? != 0 ] ; then\n    # print error to STDERR\n    echo \"error: The sandbox is not in sync with the Podfile.lock. Run 'pod install' or update your CocoaPods installation.\" >&2\n    exit 1\nfi\n# This output is used by Xcode 'outputs' to avoid re-running this script phase.\necho \"SUCCESS\" > \"${SCRIPT_OUTPUT_FILE_0}\"\n";
			showEnvVarsInLog = 0;
		};
		DBAFB3D2CF7BCE97F4E1E883 /* [CP] Embed Pods Frameworks */ = {
			isa = PBXShellScriptBuildPhase;
			buildActionMask = 2147483647;
			files = (
			);
			inputFileListPaths = (
				"${PODS_ROOT}/Target Support Files/Pods-ProductList-ProductListUITests/Pods-ProductList-ProductListUITests-frameworks-${CONFIGURATION}-input-files.xcfilelist",
			);
			name = "[CP] Embed Pods Frameworks";
			outputFileListPaths = (
				"${PODS_ROOT}/Target Support Files/Pods-ProductList-ProductListUITests/Pods-ProductList-ProductListUITests-frameworks-${CONFIGURATION}-output-files.xcfilelist",
			);
			runOnlyForDeploymentPostprocessing = 0;
			shellPath = /bin/sh;
			shellScript = "\"${PODS_ROOT}/Target Support Files/Pods-ProductList-ProductListUITests/Pods-ProductList-ProductListUITests-frameworks.sh\"\n";
			showEnvVarsInLog = 0;
		};
		E410BB6B95CA499E6BFE53D1 /* [CP] Embed Pods Frameworks */ = {
			isa = PBXShellScriptBuildPhase;
			buildActionMask = 2147483647;
			files = (
			);
			inputFileListPaths = (
				"${PODS_ROOT}/Target Support Files/Pods-ProductList/Pods-ProductList-frameworks-${CONFIGURATION}-input-files.xcfilelist",
			);
			name = "[CP] Embed Pods Frameworks";
			outputFileListPaths = (
				"${PODS_ROOT}/Target Support Files/Pods-ProductList/Pods-ProductList-frameworks-${CONFIGURATION}-output-files.xcfilelist",
			);
			runOnlyForDeploymentPostprocessing = 0;
			shellPath = /bin/sh;
			shellScript = "\"${PODS_ROOT}/Target Support Files/Pods-ProductList/Pods-ProductList-frameworks.sh\"\n";
			showEnvVarsInLog = 0;
		};
/* End PBXShellScriptBuildPhase section */

/* Begin PBXSourcesBuildPhase section */
		D726DC002A8511BB00CADA5B /* Sources */ = {
			isa = PBXSourcesBuildPhase;
			buildActionMask = 2147483647;
			files = (
				D726DC5F2A8549BC00CADA5B /* BaseResponse.swift in Sources */,
				D726DC122A8511BB00CADA5B /* ProductList.xcdatamodeld in Sources */,
				D726DC8D2A862C5900CADA5B /* ProductListCellViewModel.swift in Sources */,
				D726DC5C2A85499C00CADA5B /* ProductListModel.swift in Sources */,
				D726DC472A8518CF00CADA5B /* Closures.swift in Sources */,
				D726DC922A866B9B00CADA5B /* UICollectionView+Excensions.swift in Sources */,
				D726DC3F2A85173C00CADA5B /* ProductListViewModel.swift in Sources */,
				D726DC6E2A85799B00CADA5B /* InstallmentModel.swift in Sources */,
				D726DC512A851C7D00CADA5B /* ActivityIndicatorView.swift in Sources */,
				D726DC8B2A862C4E00CADA5B /* ProductListCellView.swift in Sources */,
				D726DC6A2A855B8200CADA5B /* SellerModel.swift in Sources */,
				D726DC702A857A0A00CADA5B /* ImagesModel.swift in Sources */,
				D726DC642A85558600CADA5B /* SizeListModel.swift in Sources */,
				D726DC082A8511BB00CADA5B /* AppDelegate.swift in Sources */,
				D726DC7F2A85879000CADA5B /* ProductPromotionsModel.swift in Sources */,
				D726DC992A86AA7100CADA5B /* DetailImageCollectionCellView.swift in Sources */,
				D726DC662A85595400CADA5B /* ProductsModel.swift in Sources */,
				D726DC842A858C3200CADA5B /* ProductDetailViewController.swift in Sources */,
				D726DC722A857AE500CADA5B /* GtmModel.swift in Sources */,
				D726DC4A2A851A8E00CADA5B /* LoadingProtocol.swift in Sources */,
				D726DC4D2A851AB500CADA5B /* BlockingActivityIndicator.swift in Sources */,
				D726DC812A8589E700CADA5B /* CustomFiltersModel.swift in Sources */,
				D726DC442A85189600CADA5B /* BaseViewModel.swift in Sources */,
				D726DC902A864FE500CADA5B /* UIView+Extensions.swift in Sources */,
				D726DC972A86732A00CADA5B /* Screen.swift in Sources */,
				D726DC3D2A85131900CADA5B /* ProductListViewController.swift in Sources */,
				D726DC742A857B5700CADA5B /* DescriptionModel.swift in Sources */,
				D726DC0A2A8511BB00CADA5B /* SceneDelegate.swift in Sources */,
				D726DC582A85241900CADA5B /* Endpoints.swift in Sources */,
				D726DC862A858C4200CADA5B /* ProductDetailViewModel.swift in Sources */,
				D726DC7A2A857DF400CADA5B /* ProductDetailModel.swift in Sources */,
				D726DC4F2A851C5B00CADA5B /* ActivityIndicatorProtocol.swift in Sources */,
				D726DC782A857D0900CADA5B /* UrlModel.swift in Sources */,
				D726DC422A85187F00CADA5B /* BaseViewController.swift in Sources */,
				D726DC6C2A855C1800CADA5B /* OtherColorListModel.swift in Sources */,
				D726DC9B2A86AA7A00CADA5B /* DetailImageCollectionCellViewModel.swift in Sources */,
				D726DC762A857CC700CADA5B /* ContentUrlModel.swift in Sources */,
				D726DC9E2A86B1A200CADA5B /* ImageModel.swift in Sources */,
				D726DC952A866BC900CADA5B /* ReusableView.swift in Sources */,
			);
			runOnlyForDeploymentPostprocessing = 0;
		};
		D726DC192A8511BC00CADA5B /* Sources */ = {
			isa = PBXSourcesBuildPhase;
			buildActionMask = 2147483647;
			files = (
				D726DC222A8511BC00CADA5B /* ProductListTests.swift in Sources */,
			);
			runOnlyForDeploymentPostprocessing = 0;
		};
		D726DC232A8511BC00CADA5B /* Sources */ = {
			isa = PBXSourcesBuildPhase;
			buildActionMask = 2147483647;
			files = (
				D726DC2E2A8511BC00CADA5B /* ProductListUITestsLaunchTests.swift in Sources */,
				D726DC2C2A8511BC00CADA5B /* ProductListUITests.swift in Sources */,
			);
			runOnlyForDeploymentPostprocessing = 0;
		};
/* End PBXSourcesBuildPhase section */

/* Begin PBXTargetDependency section */
		D726DC1F2A8511BC00CADA5B /* PBXTargetDependency */ = {
			isa = PBXTargetDependency;
			target = D726DC032A8511BB00CADA5B /* ProductList */;
			targetProxy = D726DC1E2A8511BC00CADA5B /* PBXContainerItemProxy */;
		};
		D726DC292A8511BC00CADA5B /* PBXTargetDependency */ = {
			isa = PBXTargetDependency;
			target = D726DC032A8511BB00CADA5B /* ProductList */;
			targetProxy = D726DC282A8511BC00CADA5B /* PBXContainerItemProxy */;
		};
/* End PBXTargetDependency section */

/* Begin PBXVariantGroup section */
		D726DC0D2A8511BB00CADA5B /* ProductList.storyboard */ = {
			isa = PBXVariantGroup;
			children = (
				D726DC0E2A8511BB00CADA5B /* Base */,
			);
			name = ProductList.storyboard;
			sourceTree = "<group>";
		};
		D726DC152A8511BC00CADA5B /* LaunchScreen.storyboard */ = {
			isa = PBXVariantGroup;
			children = (
				D726DC162A8511BC00CADA5B /* Base */,
			);
			name = LaunchScreen.storyboard;
			sourceTree = "<group>";
		};
/* End PBXVariantGroup section */

/* Begin XCBuildConfiguration section */
		D726DC2F2A8511BC00CADA5B /* Debug */ = {
			isa = XCBuildConfiguration;
			buildSettings = {
				ALWAYS_SEARCH_USER_PATHS = NO;
				CLANG_ANALYZER_NONNULL = YES;
				CLANG_ANALYZER_NUMBER_OBJECT_CONVERSION = YES_AGGRESSIVE;
				CLANG_CXX_LANGUAGE_STANDARD = "gnu++20";
				CLANG_ENABLE_MODULES = YES;
				CLANG_ENABLE_OBJC_ARC = YES;
				CLANG_ENABLE_OBJC_WEAK = YES;
				CLANG_WARN_BLOCK_CAPTURE_AUTORELEASING = YES;
				CLANG_WARN_BOOL_CONVERSION = YES;
				CLANG_WARN_COMMA = YES;
				CLANG_WARN_CONSTANT_CONVERSION = YES;
				CLANG_WARN_DEPRECATED_OBJC_IMPLEMENTATIONS = YES;
				CLANG_WARN_DIRECT_OBJC_ISA_USAGE = YES_ERROR;
				CLANG_WARN_DOCUMENTATION_COMMENTS = YES;
				CLANG_WARN_EMPTY_BODY = YES;
				CLANG_WARN_ENUM_CONVERSION = YES;
				CLANG_WARN_INFINITE_RECURSION = YES;
				CLANG_WARN_INT_CONVERSION = YES;
				CLANG_WARN_NON_LITERAL_NULL_CONVERSION = YES;
				CLANG_WARN_OBJC_IMPLICIT_RETAIN_SELF = YES;
				CLANG_WARN_OBJC_LITERAL_CONVERSION = YES;
				CLANG_WARN_OBJC_ROOT_CLASS = YES_ERROR;
				CLANG_WARN_QUOTED_INCLUDE_IN_FRAMEWORK_HEADER = YES;
				CLANG_WARN_RANGE_LOOP_ANALYSIS = YES;
				CLANG_WARN_STRICT_PROTOTYPES = YES;
				CLANG_WARN_SUSPICIOUS_MOVE = YES;
				CLANG_WARN_UNGUARDED_AVAILABILITY = YES_AGGRESSIVE;
				CLANG_WARN_UNREACHABLE_CODE = YES;
				CLANG_WARN__DUPLICATE_METHOD_MATCH = YES;
				COPY_PHASE_STRIP = NO;
				DEBUG_INFORMATION_FORMAT = dwarf;
				ENABLE_STRICT_OBJC_MSGSEND = YES;
				ENABLE_TESTABILITY = YES;
				GCC_C_LANGUAGE_STANDARD = gnu11;
				GCC_DYNAMIC_NO_PIC = NO;
				GCC_NO_COMMON_BLOCKS = YES;
				GCC_OPTIMIZATION_LEVEL = 0;
				GCC_PREPROCESSOR_DEFINITIONS = (
					"DEBUG=1",
					"$(inherited)",
				);
				GCC_WARN_64_TO_32_BIT_CONVERSION = YES;
				GCC_WARN_ABOUT_RETURN_TYPE = YES_ERROR;
				GCC_WARN_UNDECLARED_SELECTOR = YES;
				GCC_WARN_UNINITIALIZED_AUTOS = YES_AGGRESSIVE;
				GCC_WARN_UNUSED_FUNCTION = YES;
				GCC_WARN_UNUSED_VARIABLE = YES;
				IPHONEOS_DEPLOYMENT_TARGET = 16.4;
				MTL_ENABLE_DEBUG_INFO = INCLUDE_SOURCE;
				MTL_FAST_MATH = YES;
				ONLY_ACTIVE_ARCH = YES;
				SDKROOT = iphoneos;
				SWIFT_ACTIVE_COMPILATION_CONDITIONS = DEBUG;
				SWIFT_OBJC_BRIDGING_HEADER = "ProductList/ProductList-Bridging-Header.h";
				SWIFT_OPTIMIZATION_LEVEL = "-Onone";
			};
			name = Debug;
		};
		D726DC302A8511BC00CADA5B /* Release */ = {
			isa = XCBuildConfiguration;
			buildSettings = {
				ALWAYS_SEARCH_USER_PATHS = NO;
				CLANG_ANALYZER_NONNULL = YES;
				CLANG_ANALYZER_NUMBER_OBJECT_CONVERSION = YES_AGGRESSIVE;
				CLANG_CXX_LANGUAGE_STANDARD = "gnu++20";
				CLANG_ENABLE_MODULES = YES;
				CLANG_ENABLE_OBJC_ARC = YES;
				CLANG_ENABLE_OBJC_WEAK = YES;
				CLANG_WARN_BLOCK_CAPTURE_AUTORELEASING = YES;
				CLANG_WARN_BOOL_CONVERSION = YES;
				CLANG_WARN_COMMA = YES;
				CLANG_WARN_CONSTANT_CONVERSION = YES;
				CLANG_WARN_DEPRECATED_OBJC_IMPLEMENTATIONS = YES;
				CLANG_WARN_DIRECT_OBJC_ISA_USAGE = YES_ERROR;
				CLANG_WARN_DOCUMENTATION_COMMENTS = YES;
				CLANG_WARN_EMPTY_BODY = YES;
				CLANG_WARN_ENUM_CONVERSION = YES;
				CLANG_WARN_INFINITE_RECURSION = YES;
				CLANG_WARN_INT_CONVERSION = YES;
				CLANG_WARN_NON_LITERAL_NULL_CONVERSION = YES;
				CLANG_WARN_OBJC_IMPLICIT_RETAIN_SELF = YES;
				CLANG_WARN_OBJC_LITERAL_CONVERSION = YES;
				CLANG_WARN_OBJC_ROOT_CLASS = YES_ERROR;
				CLANG_WARN_QUOTED_INCLUDE_IN_FRAMEWORK_HEADER = YES;
				CLANG_WARN_RANGE_LOOP_ANALYSIS = YES;
				CLANG_WARN_STRICT_PROTOTYPES = YES;
				CLANG_WARN_SUSPICIOUS_MOVE = YES;
				CLANG_WARN_UNGUARDED_AVAILABILITY = YES_AGGRESSIVE;
				CLANG_WARN_UNREACHABLE_CODE = YES;
				CLANG_WARN__DUPLICATE_METHOD_MATCH = YES;
				COPY_PHASE_STRIP = NO;
				DEBUG_INFORMATION_FORMAT = "dwarf-with-dsym";
				ENABLE_NS_ASSERTIONS = NO;
				ENABLE_STRICT_OBJC_MSGSEND = YES;
				GCC_C_LANGUAGE_STANDARD = gnu11;
				GCC_NO_COMMON_BLOCKS = YES;
				GCC_WARN_64_TO_32_BIT_CONVERSION = YES;
				GCC_WARN_ABOUT_RETURN_TYPE = YES_ERROR;
				GCC_WARN_UNDECLARED_SELECTOR = YES;
				GCC_WARN_UNINITIALIZED_AUTOS = YES_AGGRESSIVE;
				GCC_WARN_UNUSED_FUNCTION = YES;
				GCC_WARN_UNUSED_VARIABLE = YES;
				IPHONEOS_DEPLOYMENT_TARGET = 16.4;
				MTL_ENABLE_DEBUG_INFO = NO;
				MTL_FAST_MATH = YES;
				SDKROOT = iphoneos;
				SWIFT_COMPILATION_MODE = wholemodule;
				SWIFT_OBJC_BRIDGING_HEADER = "ProductList/ProductList-Bridging-Header.h";
				SWIFT_OPTIMIZATION_LEVEL = "-O";
				VALIDATE_PRODUCT = YES;
			};
			name = Release;
		};
		D726DC322A8511BC00CADA5B /* Debug */ = {
			isa = XCBuildConfiguration;
			baseConfigurationReference = 93A876D339077B1E8495B67B /* Pods-ProductList.debug.xcconfig */;
			buildSettings = {
				ASSETCATALOG_COMPILER_APPICON_NAME = AppIcon;
				ASSETCATALOG_COMPILER_GLOBAL_ACCENT_COLOR_NAME = AccentColor;
				CLANG_ENABLE_MODULES = YES;
				CODE_SIGN_STYLE = Automatic;
				CURRENT_PROJECT_VERSION = 1;
				GENERATE_INFOPLIST_FILE = YES;
				INFOPLIST_FILE = ProductList/Info.plist;
				INFOPLIST_KEY_UIApplicationSupportsIndirectInputEvents = YES;
				INFOPLIST_KEY_UILaunchStoryboardName = "";
				INFOPLIST_KEY_UISupportedInterfaceOrientations_iPad = "UIInterfaceOrientationPortrait UIInterfaceOrientationPortraitUpsideDown UIInterfaceOrientationLandscapeLeft UIInterfaceOrientationLandscapeRight";
				INFOPLIST_KEY_UISupportedInterfaceOrientations_iPhone = "UIInterfaceOrientationPortrait UIInterfaceOrientationLandscapeLeft UIInterfaceOrientationLandscapeRight";
				IPHONEOS_DEPLOYMENT_TARGET = 13.0;
				LD_RUNPATH_SEARCH_PATHS = (
					"$(inherited)",
					"@executable_path/Frameworks",
				);
				MARKETING_VERSION = 1.0;
				PRODUCT_BUNDLE_IDENTIFIER = com.ProductList;
				PRODUCT_NAME = "$(TARGET_NAME)";
				SWIFT_EMIT_LOC_STRINGS = YES;
				SWIFT_OPTIMIZATION_LEVEL = "-Onone";
				SWIFT_VERSION = 5.0;
				TARGETED_DEVICE_FAMILY = "1,2";
			};
			name = Debug;
		};
		D726DC332A8511BC00CADA5B /* Release */ = {
			isa = XCBuildConfiguration;
			baseConfigurationReference = A3EBC892A9B1E627369F8899 /* Pods-ProductList.release.xcconfig */;
			buildSettings = {
				ASSETCATALOG_COMPILER_APPICON_NAME = AppIcon;
				ASSETCATALOG_COMPILER_GLOBAL_ACCENT_COLOR_NAME = AccentColor;
				CLANG_ENABLE_MODULES = YES;
				CODE_SIGN_STYLE = Automatic;
				CURRENT_PROJECT_VERSION = 1;
				GENERATE_INFOPLIST_FILE = YES;
				INFOPLIST_FILE = ProductList/Info.plist;
				INFOPLIST_KEY_UIApplicationSupportsIndirectInputEvents = YES;
				INFOPLIST_KEY_UILaunchStoryboardName = "";
				INFOPLIST_KEY_UISupportedInterfaceOrientations_iPad = "UIInterfaceOrientationPortrait UIInterfaceOrientationPortraitUpsideDown UIInterfaceOrientationLandscapeLeft UIInterfaceOrientationLandscapeRight";
				INFOPLIST_KEY_UISupportedInterfaceOrientations_iPhone = "UIInterfaceOrientationPortrait UIInterfaceOrientationLandscapeLeft UIInterfaceOrientationLandscapeRight";
				IPHONEOS_DEPLOYMENT_TARGET = 13.0;
				LD_RUNPATH_SEARCH_PATHS = (
					"$(inherited)",
					"@executable_path/Frameworks",
				);
				MARKETING_VERSION = 1.0;
				PRODUCT_BUNDLE_IDENTIFIER = com.ProductList;
				PRODUCT_NAME = "$(TARGET_NAME)";
				SWIFT_EMIT_LOC_STRINGS = YES;
				SWIFT_VERSION = 5.0;
				TARGETED_DEVICE_FAMILY = "1,2";
			};
			name = Release;
		};
		D726DC352A8511BC00CADA5B /* Debug */ = {
			isa = XCBuildConfiguration;
			baseConfigurationReference = 6D1EB09B0CE9757D55D00D5D /* Pods-ProductListTests.debug.xcconfig */;
			buildSettings = {
				ALWAYS_EMBED_SWIFT_STANDARD_LIBRARIES = YES;
				BUNDLE_LOADER = "$(TEST_HOST)";
				CODE_SIGN_STYLE = Automatic;
				CURRENT_PROJECT_VERSION = 1;
				GENERATE_INFOPLIST_FILE = YES;
				IPHONEOS_DEPLOYMENT_TARGET = 16.4;
				MARKETING_VERSION = 1.0;
				PRODUCT_BUNDLE_IDENTIFIER = com.ProductListTests;
				PRODUCT_NAME = "$(TARGET_NAME)";
				SWIFT_EMIT_LOC_STRINGS = NO;
				SWIFT_VERSION = 5.0;
				TARGETED_DEVICE_FAMILY = "1,2";
				TEST_HOST = "$(BUILT_PRODUCTS_DIR)/ProductList.app/$(BUNDLE_EXECUTABLE_FOLDER_PATH)/ProductList";
			};
			name = Debug;
		};
		D726DC362A8511BC00CADA5B /* Release */ = {
			isa = XCBuildConfiguration;
			baseConfigurationReference = E616FB7C5EE2D8405A3C6F60 /* Pods-ProductListTests.release.xcconfig */;
			buildSettings = {
				ALWAYS_EMBED_SWIFT_STANDARD_LIBRARIES = YES;
				BUNDLE_LOADER = "$(TEST_HOST)";
				CODE_SIGN_STYLE = Automatic;
				CURRENT_PROJECT_VERSION = 1;
				GENERATE_INFOPLIST_FILE = YES;
				IPHONEOS_DEPLOYMENT_TARGET = 16.4;
				MARKETING_VERSION = 1.0;
				PRODUCT_BUNDLE_IDENTIFIER = com.ProductListTests;
				PRODUCT_NAME = "$(TARGET_NAME)";
				SWIFT_EMIT_LOC_STRINGS = NO;
				SWIFT_VERSION = 5.0;
				TARGETED_DEVICE_FAMILY = "1,2";
				TEST_HOST = "$(BUILT_PRODUCTS_DIR)/ProductList.app/$(BUNDLE_EXECUTABLE_FOLDER_PATH)/ProductList";
			};
			name = Release;
		};
		D726DC382A8511BC00CADA5B /* Debug */ = {
			isa = XCBuildConfiguration;
			baseConfigurationReference = 5AA408C85B03DC887EED7D9E /* Pods-ProductList-ProductListUITests.debug.xcconfig */;
			buildSettings = {
				ALWAYS_EMBED_SWIFT_STANDARD_LIBRARIES = YES;
				CODE_SIGN_STYLE = Automatic;
				CURRENT_PROJECT_VERSION = 1;
				GENERATE_INFOPLIST_FILE = YES;
				MARKETING_VERSION = 1.0;
				PRODUCT_BUNDLE_IDENTIFIER = com.ProductListUITests;
				PRODUCT_NAME = "$(TARGET_NAME)";
				SWIFT_EMIT_LOC_STRINGS = NO;
				SWIFT_VERSION = 5.0;
				TARGETED_DEVICE_FAMILY = "1,2";
				TEST_TARGET_NAME = ProductList;
			};
			name = Debug;
		};
		D726DC392A8511BC00CADA5B /* Release */ = {
			isa = XCBuildConfiguration;
			baseConfigurationReference = 065B71438BF8E67916E946E7 /* Pods-ProductList-ProductListUITests.release.xcconfig */;
			buildSettings = {
				ALWAYS_EMBED_SWIFT_STANDARD_LIBRARIES = YES;
				CODE_SIGN_STYLE = Automatic;
				CURRENT_PROJECT_VERSION = 1;
				GENERATE_INFOPLIST_FILE = YES;
				MARKETING_VERSION = 1.0;
				PRODUCT_BUNDLE_IDENTIFIER = com.ProductListUITests;
				PRODUCT_NAME = "$(TARGET_NAME)";
				SWIFT_EMIT_LOC_STRINGS = NO;
				SWIFT_VERSION = 5.0;
				TARGETED_DEVICE_FAMILY = "1,2";
				TEST_TARGET_NAME = ProductList;
			};
			name = Release;
		};
/* End XCBuildConfiguration section */

/* Begin XCConfigurationList section */
		D726DBFF2A8511BB00CADA5B /* Build configuration list for PBXProject "ProductList" */ = {
			isa = XCConfigurationList;
			buildConfigurations = (
				D726DC2F2A8511BC00CADA5B /* Debug */,
				D726DC302A8511BC00CADA5B /* Release */,
			);
			defaultConfigurationIsVisible = 0;
			defaultConfigurationName = Release;
		};
		D726DC312A8511BC00CADA5B /* Build configuration list for PBXNativeTarget "ProductList" */ = {
			isa = XCConfigurationList;
			buildConfigurations = (
				D726DC322A8511BC00CADA5B /* Debug */,
				D726DC332A8511BC00CADA5B /* Release */,
			);
			defaultConfigurationIsVisible = 0;
			defaultConfigurationName = Release;
		};
		D726DC342A8511BC00CADA5B /* Build configuration list for PBXNativeTarget "ProductListTests" */ = {
			isa = XCConfigurationList;
			buildConfigurations = (
				D726DC352A8511BC00CADA5B /* Debug */,
				D726DC362A8511BC00CADA5B /* Release */,
			);
			defaultConfigurationIsVisible = 0;
			defaultConfigurationName = Release;
		};
		D726DC372A8511BC00CADA5B /* Build configuration list for PBXNativeTarget "ProductListUITests" */ = {
			isa = XCConfigurationList;
			buildConfigurations = (
				D726DC382A8511BC00CADA5B /* Debug */,
				D726DC392A8511BC00CADA5B /* Release */,
			);
			defaultConfigurationIsVisible = 0;
			defaultConfigurationName = Release;
		};
/* End XCConfigurationList section */

/* Begin XCVersionGroup section */
		D726DC102A8511BB00CADA5B /* ProductList.xcdatamodeld */ = {
			isa = XCVersionGroup;
			children = (
				D726DC112A8511BB00CADA5B /* ProductList.xcdatamodel */,
			);
			currentVersion = D726DC112A8511BB00CADA5B /* ProductList.xcdatamodel */;
			path = ProductList.xcdatamodeld;
			sourceTree = "<group>";
			versionGroupType = wrapper.xcdatamodel;
		};
/* End XCVersionGroup section */
	};
	rootObject = D726DBFC2A8511BB00CADA5B /* Project object */;
}
